
Microsoft Visual Studio Solution File, Format Version 12.00
# Visual Studio Version 16
VisualStudioVersion = 16.0.31025.194
MinimumVisualStudioVersion = 10.0.40219.1
Project("{9A19103F-16F7-4668-BE54-9A1E7A4F7556}") = "SmICSWebApp", "SmICSWebApp\SmICSWebApp.csproj", "{CC2D8EFD-EC01-4058-B6AA-31593978750C}"
EndProject
Project("{9A19103F-16F7-4668-BE54-9A1E7A4F7556}") = "SmICSCoreLib", "SmICSCoreLib\SmICSCoreLib.csproj", "{94DF5AB3-7884-47B6-93F8-B46A05D15736}"
EndProject
Project("{9A19103F-16F7-4668-BE54-9A1E7A4F7556}") = "SmICSConnection.Test", "SmICSConnection.Test\SmICSConnection.Test.csproj", "{4FD807F6-BDDE-4594-995B-ABB0F4D5D1B4}"
EndProject
Project("{9A19103F-16F7-4668-BE54-9A1E7A4F7556}") = "SmICSFactory.Tests", "SmICS.Tests\SmICSFactory.Tests.csproj", "{C490CDE6-D315-45D9-ADBD-D47CC46F13BD}"
EndProject
Project("{9A19103F-16F7-4668-BE54-9A1E7A4F7556}") = "SmICSDataGenerator.Test", "SmICSDataGenerator.Test\SmICSDataGenerator.Test.csproj", "{B68CA049-DB0C-4D8C-9A7E-7389FF32D5FA}"
EndProject
Global
	GlobalSection(SolutionConfigurationPlatforms) = preSolution
		Debug|Any CPU = Debug|Any CPU
		Release|Any CPU = Release|Any CPU
	EndGlobalSection
	GlobalSection(ProjectConfigurationPlatforms) = postSolution
		{CC2D8EFD-EC01-4058-B6AA-31593978750C}.Debug|Any CPU.ActiveCfg = Debug|Any CPU
		{CC2D8EFD-EC01-4058-B6AA-31593978750C}.Debug|Any CPU.Build.0 = Debug|Any CPU
		{CC2D8EFD-EC01-4058-B6AA-31593978750C}.Release|Any CPU.ActiveCfg = Release|Any CPU
		{CC2D8EFD-EC01-4058-B6AA-31593978750C}.Release|Any CPU.Build.0 = Release|Any CPU
		{94DF5AB3-7884-47B6-93F8-B46A05D15736}.Debug|Any CPU.ActiveCfg = Debug|Any CPU
		{94DF5AB3-7884-47B6-93F8-B46A05D15736}.Debug|Any CPU.Build.0 = Debug|Any CPU
		{94DF5AB3-7884-47B6-93F8-B46A05D15736}.Release|Any CPU.ActiveCfg = Release|Any CPU
		{94DF5AB3-7884-47B6-93F8-B46A05D15736}.Release|Any CPU.Build.0 = Release|Any CPU
		{4FD807F6-BDDE-4594-995B-ABB0F4D5D1B4}.Debug|Any CPU.ActiveCfg = Debug|Any CPU
		{4FD807F6-BDDE-4594-995B-ABB0F4D5D1B4}.Debug|Any CPU.Build.0 = Debug|Any CPU
		{4FD807F6-BDDE-4594-995B-ABB0F4D5D1B4}.Release|Any CPU.ActiveCfg = Release|Any CPU
		{4FD807F6-BDDE-4594-995B-ABB0F4D5D1B4}.Release|Any CPU.Build.0 = Release|Any CPU
		{C490CDE6-D315-45D9-ADBD-D47CC46F13BD}.Debug|Any CPU.ActiveCfg = Debug|Any CPU
		{C490CDE6-D315-45D9-ADBD-D47CC46F13BD}.Debug|Any CPU.Build.0 = Debug|Any CPU
		{C490CDE6-D315-45D9-ADBD-D47CC46F13BD}.Release|Any CPU.ActiveCfg = Release|Any CPU
		{C490CDE6-D315-45D9-ADBD-D47CC46F13BD}.Release|Any CPU.Build.0 = Release|Any CPU
		{B68CA049-DB0C-4D8C-9A7E-7389FF32D5FA}.Debug|Any CPU.ActiveCfg = Debug|Any CPU
		{B68CA049-DB0C-4D8C-9A7E-7389FF32D5FA}.Debug|Any CPU.Build.0 = Debug|Any CPU
		{B68CA049-DB0C-4D8C-9A7E-7389FF32D5FA}.Release|Any CPU.ActiveCfg = Release|Any CPU
		{B68CA049-DB0C-4D8C-9A7E-7389FF32D5FA}.Release|Any CPU.Build.0 = Release|Any CPU
	EndGlobalSection
	GlobalSection(SolutionProperties) = preSolution
		HideSolutionNode = FALSE
	EndGlobalSection
	GlobalSection(ExtensibilityGlobals) = postSolution
		SolutionGuid = {1A589016-9E01-4343-9E83-3431CE9FD2AD}
	EndGlobalSection
EndGlobal
